<Solution>
  <Project Path="src/MovieTracker.Application/MovieTracker.Application.csproj" />
  <Project Path="src/MovieTracker.Domain/MovieTracker.Domain.csproj" />
  <Project Path="src/MovieTracker.Infrastructure/MovieTracker.Infrastructure.csproj" />
  <Project Path="src/MovieTracker.Web/MovieTracker.Web.csproj" />
</Solution>
